
Microsoft Visual Studio Solution File, Format Version 12.00
Project("{FAE04EC0-301F-11D3-BF4B-00C04F79EFBC}") = "IPS", "IPS\IPS.csproj", "{D0B3203C-C404-4EF7-ADF3-4FDB994118B8}"
EndProject
Project("{FAE04EC0-301F-11D3-BF4B-00C04F79EFBC}") = "Domain", "Domain\Domain.csproj", "{9A1B429E-5F15-431F-8605-51B5151B540D}"
EndProject
Project("{FAE04EC0-301F-11D3-BF4B-00C04F79EFBC}") = "Infrastructure", "Infrastructure\Infrastructure.csproj", "{9B2DD57E-6641-4E5F-9787-D060BEE9C8E8}"
EndProject
Global
	GlobalSection(SolutionConfigurationPlatforms) = preSolution
		Debug|Any CPU = Debug|Any CPU
		Release|Any CPU = Release|Any CPU
	EndGlobalSection
	GlobalSection(ProjectConfigurationPlatforms) = postSolution
		{D0B3203C-C404-4EF7-ADF3-4FDB994118B8}.Debug|Any CPU.ActiveCfg = Debug|Any CPU
		{D0B3203C-C404-4EF7-ADF3-4FDB994118B8}.Debug|Any CPU.Build.0 = Debug|Any CPU
		{D0B3203C-C404-4EF7-ADF3-4FDB994118B8}.Release|Any CPU.ActiveCfg = Release|Any CPU
		{D0B3203C-C404-4EF7-ADF3-4FDB994118B8}.Release|Any CPU.Build.0 = Release|Any CPU
		{9A1B429E-5F15-431F-8605-51B5151B540D}.Debug|Any CPU.ActiveCfg = Debug|Any CPU
		{9A1B429E-5F15-431F-8605-51B5151B540D}.Debug|Any CPU.Build.0 = Debug|Any CPU
		{9A1B429E-5F15-431F-8605-51B5151B540D}.Release|Any CPU.ActiveCfg = Release|Any CPU
		{9A1B429E-5F15-431F-8605-51B5151B540D}.Release|Any CPU.Build.0 = Release|Any CPU
		{9B2DD57E-6641-4E5F-9787-D060BEE9C8E8}.Debug|Any CPU.ActiveCfg = Debug|Any CPU
		{9B2DD57E-6641-4E5F-9787-D060BEE9C8E8}.Debug|Any CPU.Build.0 = Debug|Any CPU
		{9B2DD57E-6641-4E5F-9787-D060BEE9C8E8}.Release|Any CPU.ActiveCfg = Release|Any CPU
		{9B2DD57E-6641-4E5F-9787-D060BEE9C8E8}.Release|Any CPU.Build.0 = Release|Any CPU
	EndGlobalSection
EndGlobal
